
Microsoft Visual Studio Solution File, Format Version 12.00
# Visual Studio Version 17
VisualStudioVersion = 17.0.31903.59
MinimumVisualStudioVersion = 10.0.40219.1
Project("{FAE04EC0-301F-11D3-BF4B-00C04F79EFBC}") = "OrdersWebApp", "OrdersWebApp\OrdersWebApp.csproj", "{FD307E04-3C56-4E3E-8D67-3FFDD58A10C1}"
EndProject
Project("{FAE04EC0-301F-11D3-BF4B-00C04F79EFBC}") = "OrdersWebApi", "OrdersWebApi\OrdersWebApi.csproj", "{7B0E1945-1454-41CC-9334-261FB708327A}"
EndProject
Project("{FAE04EC0-301F-11D3-BF4B-00C04F79EFBC}") = "OrdersShared", "OrdersShared\OrdersShared.csproj", "{A9358996-C28E-4384-84EA-F8CAD8BA901B}"
EndProject
Global
	GlobalSection(SolutionConfigurationPlatforms) = preSolution
		Debug|Any CPU = Debug|Any CPU
		Release|Any CPU = Release|Any CPU
	EndGlobalSection
	GlobalSection(SolutionProperties) = preSolution
		HideSolutionNode = FALSE
	EndGlobalSection
	GlobalSection(ProjectConfigurationPlatforms) = postSolution
		{FD307E04-3C56-4E3E-8D67-3FFDD58A10C1}.Debug|Any CPU.ActiveCfg = Debug|Any CPU
		{FD307E04-3C56-4E3E-8D67-3FFDD58A10C1}.Debug|Any CPU.Build.0 = Debug|Any CPU
		{FD307E04-3C56-4E3E-8D67-3FFDD58A10C1}.Release|Any CPU.ActiveCfg = Release|Any CPU
		{FD307E04-3C56-4E3E-8D67-3FFDD58A10C1}.Release|Any CPU.Build.0 = Release|Any CPU
		{7B0E1945-1454-41CC-9334-261FB708327A}.Debug|Any CPU.ActiveCfg = Debug|Any CPU
		{7B0E1945-1454-41CC-9334-261FB708327A}.Debug|Any CPU.Build.0 = Debug|Any CPU
		{7B0E1945-1454-41CC-9334-261FB708327A}.Release|Any CPU.ActiveCfg = Release|Any CPU
		{7B0E1945-1454-41CC-9334-261FB708327A}.Release|Any CPU.Build.0 = Release|Any CPU
		{A9358996-C28E-4384-84EA-F8CAD8BA901B}.Debug|Any CPU.ActiveCfg = Debug|Any CPU
		{A9358996-C28E-4384-84EA-F8CAD8BA901B}.Debug|Any CPU.Build.0 = Debug|Any CPU
		{A9358996-C28E-4384-84EA-F8CAD8BA901B}.Release|Any CPU.ActiveCfg = Release|Any CPU
		{A9358996-C28E-4384-84EA-F8CAD8BA901B}.Release|Any CPU.Build.0 = Release|Any CPU
	EndGlobalSection
EndGlobal
