
Microsoft Visual Studio Solution File, Format Version 12.00
# Visual Studio Version 17
VisualStudioVersion = 17.5.002.0
MinimumVisualStudioVersion = 10.0.40219.1
Project("{9A19103F-16F7-4668-BE54-9A1E7A4F7556}") = "OrdersWebApi", "OrdersWebApi.csproj", "{821552D6-9334-437A-AC07-13F0FF6C1449}"
EndProject
Global
	GlobalSection(SolutionConfigurationPlatforms) = preSolution
		Debug|Any CPU = Debug|Any CPU
		Release|Any CPU = Release|Any CPU
	EndGlobalSection
	GlobalSection(ProjectConfigurationPlatforms) = postSolution
		{821552D6-9334-437A-AC07-13F0FF6C1449}.Debug|Any CPU.ActiveCfg = Debug|Any CPU
		{821552D6-9334-437A-AC07-13F0FF6C1449}.Debug|Any CPU.Build.0 = Debug|Any CPU
		{821552D6-9334-437A-AC07-13F0FF6C1449}.Release|Any CPU.ActiveCfg = Release|Any CPU
		{821552D6-9334-437A-AC07-13F0FF6C1449}.Release|Any CPU.Build.0 = Release|Any CPU
	EndGlobalSection
	GlobalSection(SolutionProperties) = preSolution
		HideSolutionNode = FALSE
	EndGlobalSection
	GlobalSection(ExtensibilityGlobals) = postSolution
		SolutionGuid = {60260313-F1A8-4605-99B5-8C3BC99DA062}
	EndGlobalSection
EndGlobal
